// !$*UTF8*$!
{
	archiveVersion = 1;
	classes = {
	};
	objectVersion = 50;
	objects = {

/* Begin PBXBuildFile section */
		3B010E5B229FF1A900B064AE /* Resnet50.mlmodel in Sources */ = {isa = PBXBuildFile; fileRef = 3B010E5A229FF1A900B064AE /* Resnet50.mlmodel */; };
		3B8DD5D7229FEE1D00A128A6 /* CameraViewController.swift in Sources */ = {isa = PBXBuildFile; fileRef = 3B8DD5D6229FEE1D00A128A6 /* CameraViewController.swift */; };
		3B8DD5D9229FEE3500A128A6 /* FavoriteRecipeTableViewCell.swift in Sources */ = {isa = PBXBuildFile; fileRef = 3B8DD5D8229FEE3500A128A6 /* FavoriteRecipeTableViewCell.swift */; };
		3B8DD5DB229FEE5600A128A6 /* FavoriteRecipeTableViewController.swift in Sources */ = {isa = PBXBuildFile; fileRef = 3B8DD5DA229FEE5600A128A6 /* FavoriteRecipeTableViewController.swift */; };
		3B8DD5DD229FEE7400A128A6 /* MatchingRecipeListTableViewController.swift in Sources */ = {isa = PBXBuildFile; fileRef = 3B8DD5DC229FEE7400A128A6 /* MatchingRecipeListTableViewController.swift */; };
		3B8DD5DF229FEE8E00A128A6 /* MatchingRecipeTableViewCell.swift in Sources */ = {isa = PBXBuildFile; fileRef = 3B8DD5DE229FEE8E00A128A6 /* MatchingRecipeTableViewCell.swift */; };
		3B8DD5E3229FEF0100A128A6 /* RecipeDetailsViewController.swift in Sources */ = {isa = PBXBuildFile; fileRef = 3B8DD5E2229FEF0100A128A6 /* RecipeDetailsViewController.swift */; };
		3B8DD5E5229FEF1C00A128A6 /* SearchViewController.swift in Sources */ = {isa = PBXBuildFile; fileRef = 3B8DD5E4229FEF1C00A128A6 /* SearchViewController.swift */; };
		3B8DD5E8229FEF3800A128A6 /* Recipe.swift in Sources */ = {isa = PBXBuildFile; fileRef = 3B8DD5E7229FEF3800A128A6 /* Recipe.swift */; };
		FB959288229CE6A000ABEC7D /* Default-568h@2x.png in Resources */ = {isa = PBXBuildFile; fileRef = FB959287229CE6A000ABEC7D /* Default-568h@2x.png */; };
		FBBB92742294D708000EEDBF /* AppDelegate.swift in Sources */ = {isa = PBXBuildFile; fileRef = FBBB92732294D708000EEDBF /* AppDelegate.swift */; };
		FBBB92792294D708000EEDBF /* Main.storyboard in Resources */ = {isa = PBXBuildFile; fileRef = FBBB92772294D708000EEDBF /* Main.storyboard */; };
		FBBB927C2294D708000EEDBF /* make_my_meal.xcdatamodeld in Sources */ = {isa = PBXBuildFile; fileRef = FBBB927A2294D708000EEDBF /* make_my_meal.xcdatamodeld */; };
		FBBB927E2294D70A000EEDBF /* Assets.xcassets in Resources */ = {isa = PBXBuildFile; fileRef = FBBB927D2294D70A000EEDBF /* Assets.xcassets */; };
		FBBB92812294D70A000EEDBF /* LaunchScreen.storyboard in Resources */ = {isa = PBXBuildFile; fileRef = FBBB927F2294D70A000EEDBF /* LaunchScreen.storyboard */; };
/* End PBXBuildFile section */

/* Begin PBXFileReference section */
		3B010E5A229FF1A900B064AE /* Resnet50.mlmodel */ = {isa = PBXFileReference; lastKnownFileType = file.mlmodel; name = Resnet50.mlmodel; path = ../../../../../Downloads/Resnet50.mlmodel; sourceTree = "<group>"; };
		3B8DD5D6229FEE1D00A128A6 /* CameraViewController.swift */ = {isa = PBXFileReference; lastKnownFileType = sourcecode.swift; path = CameraViewController.swift; sourceTree = "<group>"; };
		3B8DD5D8229FEE3500A128A6 /* FavoriteRecipeTableViewCell.swift */ = {isa = PBXFileReference; lastKnownFileType = sourcecode.swift; path = FavoriteRecipeTableViewCell.swift; sourceTree = "<group>"; };
		3B8DD5DA229FEE5600A128A6 /* FavoriteRecipeTableViewController.swift */ = {isa = PBXFileReference; lastKnownFileType = sourcecode.swift; path = FavoriteRecipeTableViewController.swift; sourceTree = "<group>"; };
		3B8DD5DC229FEE7400A128A6 /* MatchingRecipeListTableViewController.swift */ = {isa = PBXFileReference; lastKnownFileType = sourcecode.swift; path = MatchingRecipeListTableViewController.swift; sourceTree = "<group>"; };
		3B8DD5DE229FEE8E00A128A6 /* MatchingRecipeTableViewCell.swift */ = {isa = PBXFileReference; lastKnownFileType = sourcecode.swift; path = MatchingRecipeTableViewCell.swift; sourceTree = "<group>"; };
		3B8DD5E2229FEF0100A128A6 /* RecipeDetailsViewController.swift */ = {isa = PBXFileReference; lastKnownFileType = sourcecode.swift; path = RecipeDetailsViewController.swift; sourceTree = "<group>"; };
		3B8DD5E4229FEF1C00A128A6 /* SearchViewController.swift */ = {isa = PBXFileReference; lastKnownFileType = sourcecode.swift; path = SearchViewController.swift; sourceTree = "<group>"; };
		3B8DD5E7229FEF3800A128A6 /* Recipe.swift */ = {isa = PBXFileReference; lastKnownFileType = sourcecode.swift; path = Recipe.swift; sourceTree = "<group>"; };
		FB959287229CE6A000ABEC7D /* Default-568h@2x.png */ = {isa = PBXFileReference; lastKnownFileType = image.png; path = "Default-568h@2x.png"; sourceTree = "<group>"; };
		FBBB92702294D708000EEDBF /* make my meal.app */ = {isa = PBXFileReference; explicitFileType = wrapper.application; includeInIndex = 0; path = "make my meal.app"; sourceTree = BUILT_PRODUCTS_DIR; };
		FBBB92732294D708000EEDBF /* AppDelegate.swift */ = {isa = PBXFileReference; lastKnownFileType = sourcecode.swift; path = AppDelegate.swift; sourceTree = "<group>"; };
		FBBB92782294D708000EEDBF /* Base */ = {isa = PBXFileReference; lastKnownFileType = file.storyboard; name = Base; path = Base.lproj/Main.storyboard; sourceTree = "<group>"; };
		FBBB927B2294D708000EEDBF /* make_my_meal.xcdatamodel */ = {isa = PBXFileReference; lastKnownFileType = wrapper.xcdatamodel; path = make_my_meal.xcdatamodel; sourceTree = "<group>"; };
		FBBB927D2294D70A000EEDBF /* Assets.xcassets */ = {isa = PBXFileReference; lastKnownFileType = folder.assetcatalog; path = Assets.xcassets; sourceTree = "<group>"; };
		FBBB92802294D70A000EEDBF /* Base */ = {isa = PBXFileReference; lastKnownFileType = file.storyboard; name = Base; path = Base.lproj/LaunchScreen.storyboard; sourceTree = "<group>"; };
		FBBB92822294D70A000EEDBF /* Info.plist */ = {isa = PBXFileReference; lastKnownFileType = text.plist.xml; path = Info.plist; sourceTree = "<group>"; };
/* End PBXFileReference section */

/* Begin PBXFrameworksBuildPhase section */
		FBBB926D2294D708000EEDBF /* Frameworks */ = {
			isa = PBXFrameworksBuildPhase;
			buildActionMask = 2147483647;
			files = (
			);
			runOnlyForDeploymentPostprocessing = 0;
		};
/* End PBXFrameworksBuildPhase section */

/* Begin PBXGroup section */
		3B010E57229FF0A800B064AE /* Core ML */ = {
			isa = PBXGroup;
			children = (
				3B010E5A229FF1A900B064AE /* Resnet50.mlmodel */,
			);
			path = "Core ML";
			sourceTree = "<group>";
		};
		3B8DD5D5229FEE0A00A128A6 /* Controller */ = {
			isa = PBXGroup;
			children = (
				3B8DD5D6229FEE1D00A128A6 /* CameraViewController.swift */,
				3B8DD5D8229FEE3500A128A6 /* FavoriteRecipeTableViewCell.swift */,
				3B8DD5DA229FEE5600A128A6 /* FavoriteRecipeTableViewController.swift */,
				3B8DD5DC229FEE7400A128A6 /* MatchingRecipeListTableViewController.swift */,
				3B8DD5DE229FEE8E00A128A6 /* MatchingRecipeTableViewCell.swift */,
				3B8DD5E2229FEF0100A128A6 /* RecipeDetailsViewController.swift */,
				3B8DD5E4229FEF1C00A128A6 /* SearchViewController.swift */,
			);
			path = Controller;
			sourceTree = "<group>";
		};
		3B8DD5E6229FEF2D00A128A6 /* Model */ = {
			isa = PBXGroup;
			children = (
				3B8DD5E7229FEF3800A128A6 /* Recipe.swift */,
			);
			path = Model;
			sourceTree = "<group>";
		};
		FBBB92672294D708000EEDBF = {
			isa = PBXGroup;
			children = (
				FB959287229CE6A000ABEC7D /* Default-568h@2x.png */,
				FBBB92722294D708000EEDBF /* make my meal */,
				FBBB92712294D708000EEDBF /* Products */,
			);
			sourceTree = "<group>";
		};
		FBBB92712294D708000EEDBF /* Products */ = {
			isa = PBXGroup;
			children = (
				FBBB92702294D708000EEDBF /* make my meal.app */,
			);
			name = Products;
			sourceTree = "<group>";
		};
		FBBB92722294D708000EEDBF /* make my meal */ = {
			isa = PBXGroup;
			children = (
				3B010E57229FF0A800B064AE /* Core ML */,
				3B8DD5E6229FEF2D00A128A6 /* Model */,
				3B8DD5D5229FEE0A00A128A6 /* Controller */,
				FBBB92732294D708000EEDBF /* AppDelegate.swift */,
				FBBB92772294D708000EEDBF /* Main.storyboard */,
				FBBB927D2294D70A000EEDBF /* Assets.xcassets */,
				FBBB927F2294D70A000EEDBF /* LaunchScreen.storyboard */,
				FBBB92822294D70A000EEDBF /* Info.plist */,
				FBBB927A2294D708000EEDBF /* make_my_meal.xcdatamodeld */,
			);
			path = "make my meal";
			sourceTree = "<group>";
		};
/* End PBXGroup section */

/* Begin PBXNativeTarget section */
		FBBB926F2294D708000EEDBF /* make my meal */ = {
			isa = PBXNativeTarget;
			buildConfigurationList = FBBB92852294D70A000EEDBF /* Build configuration list for PBXNativeTarget "make my meal" */;
			buildPhases = (
				FBBB926C2294D708000EEDBF /* Sources */,
				FBBB926D2294D708000EEDBF /* Frameworks */,
				FBBB926E2294D708000EEDBF /* Resources */,
			);
			buildRules = (
			);
			dependencies = (
			);
			name = "make my meal";
			productName = "make my meal";
			productReference = FBBB92702294D708000EEDBF /* make my meal.app */;
			productType = "com.apple.product-type.application";
		};
/* End PBXNativeTarget section */

/* Begin PBXProject section */
		FBBB92682294D708000EEDBF /* Project object */ = {
			isa = PBXProject;
			attributes = {
				LastSwiftUpdateCheck = 1020;
				LastUpgradeCheck = 1020;
				ORGANIZATIONNAME = "Insub Lim";
				TargetAttributes = {
					FBBB926F2294D708000EEDBF = {
						CreatedOnToolsVersion = 10.2.1;
					};
				};
			};
			buildConfigurationList = FBBB926B2294D708000EEDBF /* Build configuration list for PBXProject "make my meal" */;
			compatibilityVersion = "Xcode 9.3";
			developmentRegion = en;
			hasScannedForEncodings = 0;
			knownRegions = (
				en,
				Base,
			);
			mainGroup = FBBB92672294D708000EEDBF;
			productRefGroup = FBBB92712294D708000EEDBF /* Products */;
			projectDirPath = "";
			projectRoot = "";
			targets = (
				FBBB926F2294D708000EEDBF /* make my meal */,
			);
		};
/* End PBXProject section */

/* Begin PBXResourcesBuildPhase section */
		FBBB926E2294D708000EEDBF /* Resources */ = {
			isa = PBXResourcesBuildPhase;
			buildActionMask = 2147483647;
			files = (
				FBBB92812294D70A000EEDBF /* LaunchScreen.storyboard in Resources */,
				FB959288229CE6A000ABEC7D /* Default-568h@2x.png in Resources */,
				FBBB927E2294D70A000EEDBF /* Assets.xcassets in Resources */,
				FBBB92792294D708000EEDBF /* Main.storyboard in Resources */,
			);
			runOnlyForDeploymentPostprocessing = 0;
		};
/* End PBXResourcesBuildPhase section */

/* Begin PBXSourcesBuildPhase section */
		FBBB926C2294D708000EEDBF /* Sources */ = {
			isa = PBXSourcesBuildPhase;
			buildActionMask = 2147483647;
			files = (
				3B8DD5DD229FEE7400A128A6 /* MatchingRecipeListTableViewController.swift in Sources */,
				3B010E5B229FF1A900B064AE /* Resnet50.mlmodel in Sources */,
				FBBB927C2294D708000EEDBF /* make_my_meal.xcdatamodeld in Sources */,
				3B8DD5D9229FEE3500A128A6 /* FavoriteRecipeTableViewCell.swift in Sources */,
				3B8DD5E5229FEF1C00A128A6 /* SearchViewController.swift in Sources */,
				3B8DD5E3229FEF0100A128A6 /* RecipeDetailsViewController.swift in Sources */,
				3B8DD5DF229FEE8E00A128A6 /* MatchingRecipeTableViewCell.swift in Sources */,
				FBBB92742294D708000EEDBF /* AppDelegate.swift in Sources */,
				3B8DD5DB229FEE5600A128A6 /* FavoriteRecipeTableViewController.swift in Sources */,
				3B8DD5D7229FEE1D00A128A6 /* CameraViewController.swift in Sources */,
				3B8DD5E8229FEF3800A128A6 /* Recipe.swift in Sources */,
			);
			runOnlyForDeploymentPostprocessing = 0;
		};
/* End PBXSourcesBuildPhase section */

/* Begin PBXVariantGroup section */
		FBBB92772294D708000EEDBF /* Main.storyboard */ = {
			isa = PBXVariantGroup;
			children = (
				FBBB92782294D708000EEDBF /* Base */,
			);
			name = Main.storyboard;
			sourceTree = "<group>";
		};
		FBBB927F2294D70A000EEDBF /* LaunchScreen.storyboard */ = {
			isa = PBXVariantGroup;
			children = (
				FBBB92802294D70A000EEDBF /* Base */,
			);
			name = LaunchScreen.storyboard;
			sourceTree = "<group>";
		};
/* End PBXVariantGroup section */

/* Begin XCBuildConfiguration section */
		FBBB92832294D70A000EEDBF /* Debug */ = {
			isa = XCBuildConfiguration;
			buildSettings = {
				ALWAYS_SEARCH_USER_PATHS = NO;
				CLANG_ANALYZER_NONNULL = YES;
				CLANG_ANALYZER_NUMBER_OBJECT_CONVERSION = YES_AGGRESSIVE;
				CLANG_CXX_LANGUAGE_STANDARD = "gnu++14";
				CLANG_CXX_LIBRARY = "libc++";
				CLANG_ENABLE_MODULES = YES;
				CLANG_ENABLE_OBJC_ARC = YES;
				CLANG_ENABLE_OBJC_WEAK = YES;
				CLANG_WARN_BLOCK_CAPTURE_AUTORELEASING = YES;
				CLANG_WARN_BOOL_CONVERSION = YES;
				CLANG_WARN_COMMA = YES;
				CLANG_WARN_CONSTANT_CONVERSION = YES;
				CLANG_WARN_DEPRECATED_OBJC_IMPLEMENTATIONS = YES;
				CLANG_WARN_DIRECT_OBJC_ISA_USAGE = YES_ERROR;
				CLANG_WARN_DOCUMENTATION_COMMENTS = YES;
				CLANG_WARN_EMPTY_BODY = YES;
				CLANG_WARN_ENUM_CONVERSION = YES;
				CLANG_WARN_INFINITE_RECURSION = YES;
				CLANG_WARN_INT_CONVERSION = YES;
				CLANG_WARN_NON_LITERAL_NULL_CONVERSION = YES;
				CLANG_WARN_OBJC_IMPLICIT_RETAIN_SELF = YES;
				CLANG_WARN_OBJC_LITERAL_CONVERSION = YES;
				CLANG_WARN_OBJC_ROOT_CLASS = YES_ERROR;
				CLANG_WARN_RANGE_LOOP_ANALYSIS = YES;
				CLANG_WARN_STRICT_PROTOTYPES = YES;
				CLANG_WARN_SUSPICIOUS_MOVE = YES;
				CLANG_WARN_UNGUARDED_AVAILABILITY = YES_AGGRESSIVE;
				CLANG_WARN_UNREACHABLE_CODE = YES;
				CLANG_WARN__DUPLICATE_METHOD_MATCH = YES;
				CODE_SIGN_IDENTITY = "iPhone Developer";
				COPY_PHASE_STRIP = NO;
				DEBUG_INFORMATION_FORMAT = dwarf;
				ENABLE_STRICT_OBJC_MSGSEND = YES;
				ENABLE_TESTABILITY = YES;
				GCC_C_LANGUAGE_STANDARD = gnu11;
				GCC_DYNAMIC_NO_PIC = NO;
				GCC_NO_COMMON_BLOCKS = YES;
				GCC_OPTIMIZATION_LEVEL = 0;
				GCC_PREPROCESSOR_DEFINITIONS = (
					"DEBUG=1",
					"$(inherited)",
				);
				GCC_WARN_64_TO_32_BIT_CONVERSION = YES;
				GCC_WARN_ABOUT_RETURN_TYPE = YES_ERROR;
				GCC_WARN_UNDECLARED_SELECTOR = YES;
				GCC_WARN_UNINITIALIZED_AUTOS = YES_AGGRESSIVE;
				GCC_WARN_UNUSED_FUNCTION = YES;
				GCC_WARN_UNUSED_VARIABLE = YES;
				IPHONEOS_DEPLOYMENT_TARGET = 12.2;
				MTL_ENABLE_DEBUG_INFO = INCLUDE_SOURCE;
				MTL_FAST_MATH = YES;
				ONLY_ACTIVE_ARCH = YES;
				SDKROOT = iphoneos;
				SWIFT_ACTIVE_COMPILATION_CONDITIONS = DEBUG;
				SWIFT_OPTIMIZATION_LEVEL = "-Onone";
			};
			name = Debug;
		};
		FBBB92842294D70A000EEDBF /* Release */ = {
			isa = XCBuildConfiguration;
			buildSettings = {
				ALWAYS_SEARCH_USER_PATHS = NO;
				CLANG_ANALYZER_NONNULL = YES;
				CLANG_ANALYZER_NUMBER_OBJECT_CONVERSION = YES_AGGRESSIVE;
				CLANG_CXX_LANGUAGE_STANDARD = "gnu++14";
				CLANG_CXX_LIBRARY = "libc++";
				CLANG_ENABLE_MODULES = YES;
				CLANG_ENABLE_OBJC_ARC = YES;
				CLANG_ENABLE_OBJC_WEAK = YES;
				CLANG_WARN_BLOCK_CAPTURE_AUTORELEASING = YES;
				CLANG_WARN_BOOL_CONVERSION = YES;
				CLANG_WARN_COMMA = YES;
				CLANG_WARN_CONSTANT_CONVERSION = YES;
				CLANG_WARN_DEPRECATED_OBJC_IMPLEMENTATIONS = YES;
				CLANG_WARN_DIRECT_OBJC_ISA_USAGE = YES_ERROR;
				CLANG_WARN_DOCUMENTATION_COMMENTS = YES;
				CLANG_WARN_EMPTY_BODY = YES;
				CLANG_WARN_ENUM_CONVERSION = YES;
				CLANG_WARN_INFINITE_RECURSION = YES;
				CLANG_WARN_INT_CONVERSION = YES;
				CLANG_WARN_NON_LITERAL_NULL_CONVERSION = YES;
				CLANG_WARN_OBJC_IMPLICIT_RETAIN_SELF = YES;
				CLANG_WARN_OBJC_LITERAL_CONVERSION = YES;
				CLANG_WARN_OBJC_ROOT_CLASS = YES_ERROR;
				CLANG_WARN_RANGE_LOOP_ANALYSIS = YES;
				CLANG_WARN_STRICT_PROTOTYPES = YES;
				CLANG_WARN_SUSPICIOUS_MOVE = YES;
				CLANG_WARN_UNGUARDED_AVAILABILITY = YES_AGGRESSIVE;
				CLANG_WARN_UNREACHABLE_CODE = YES;
				CLANG_WARN__DUPLICATE_METHOD_MATCH = YES;
				CODE_SIGN_IDENTITY = "iPhone Developer";
				COPY_PHASE_STRIP = NO;
				DEBUG_INFORMATION_FORMAT = "dwarf-with-dsym";
				ENABLE_NS_ASSERTIONS = NO;
				ENABLE_STRICT_OBJC_MSGSEND = YES;
				GCC_C_LANGUAGE_STANDARD = gnu11;
				GCC_NO_COMMON_BLOCKS = YES;
				GCC_WARN_64_TO_32_BIT_CONVERSION = YES;
				GCC_WARN_ABOUT_RETURN_TYPE = YES_ERROR;
				GCC_WARN_UNDECLARED_SELECTOR = YES;
				GCC_WARN_UNINITIALIZED_AUTOS = YES_AGGRESSIVE;
				GCC_WARN_UNUSED_FUNCTION = YES;
				GCC_WARN_UNUSED_VARIABLE = YES;
				IPHONEOS_DEPLOYMENT_TARGET = 12.2;
				MTL_ENABLE_DEBUG_INFO = NO;
				MTL_FAST_MATH = YES;
				SDKROOT = iphoneos;
				SWIFT_COMPILATION_MODE = wholemodule;
				SWIFT_OPTIMIZATION_LEVEL = "-O";
				VALIDATE_PRODUCT = YES;
			};
			name = Release;
		};
		FBBB92862294D70A000EEDBF /* Debug */ = {
			isa = XCBuildConfiguration;
			buildSettings = {
				ASSETCATALOG_COMPILER_APPICON_NAME = AppIcon;
				CODE_SIGN_IDENTITY = "iPhone Developer";
				CODE_SIGN_STYLE = Automatic;
				DEVELOPMENT_TEAM = "";
				INFOPLIST_FILE = "make my meal/Info.plist";
				IPHONEOS_DEPLOYMENT_TARGET = 12.1;
				LD_RUNPATH_SEARCH_PATHS = (
					"$(inherited)",
					"@executable_path/Frameworks",
				);
				PRODUCT_BUNDLE_IDENTIFIER = insub.makemymeal;
				PRODUCT_NAME = "$(TARGET_NAME)";
				PROVISIONING_PROFILE_SPECIFIER = "";
				SWIFT_VERSION = 4.2;
				TARGETED_DEVICE_FAMILY = "1,2";
			};
			name = Debug;
		};
		FBBB92872294D70A000EEDBF /* Release */ = {
			isa = XCBuildConfiguration;
			buildSettings = {
				ASSETCATALOG_COMPILER_APPICON_NAME = AppIcon;
				CODE_SIGN_IDENTITY = "iPhone Developer";
				CODE_SIGN_STYLE = Automatic;
				DEVELOPMENT_TEAM = "";
				INFOPLIST_FILE = "make my meal/Info.plist";
				IPHONEOS_DEPLOYMENT_TARGET = 12.1;
				LD_RUNPATH_SEARCH_PATHS = (
					"$(inherited)",
					"@executable_path/Frameworks",
				);
				PRODUCT_BUNDLE_IDENTIFIER = insub.makemymeal;
				PRODUCT_NAME = "$(TARGET_NAME)";
				PROVISIONING_PROFILE_SPECIFIER = "";
				SWIFT_VERSION = 4.2;
				TARGETED_DEVICE_FAMILY = "1,2";
			};
			name = Release;
		};
/* End XCBuildConfiguration section */

/* Begin XCConfigurationList section */
		FBBB926B2294D708000EEDBF /* Build configuration list for PBXProject "make my meal" */ = {
			isa = XCConfigurationList;
			buildConfigurations = (
				FBBB92832294D70A000EEDBF /* Debug */,
				FBBB92842294D70A000EEDBF /* Release */,
			);
			defaultConfigurationIsVisible = 0;
			defaultConfigurationName = Release;
		};
		FBBB92852294D70A000EEDBF /* Build configuration list for PBXNativeTarget "make my meal" */ = {
			isa = XCConfigurationList;
			buildConfigurations = (
				FBBB92862294D70A000EEDBF /* Debug */,
				FBBB92872294D70A000EEDBF /* Release */,
			);
			defaultConfigurationIsVisible = 0;
			defaultConfigurationName = Release;
		};
/* End XCConfigurationList section */

/* Begin XCVersionGroup section */
		FBBB927A2294D708000EEDBF /* make_my_meal.xcdatamodeld */ = {
			isa = XCVersionGroup;
			children = (
				FBBB927B2294D708000EEDBF /* make_my_meal.xcdatamodel */,
			);
			currentVersion = FBBB927B2294D708000EEDBF /* make_my_meal.xcdatamodel */;
			path = make_my_meal.xcdatamodeld;
			sourceTree = "<group>";
			versionGroupType = wrapper.xcdatamodel;
		};
/* End XCVersionGroup section */
	};
	rootObject = FBBB92682294D708000EEDBF /* Project object */;
}
